
Microsoft Visual Studio Solution File, Format Version 12.00
# Visual Studio 15
VisualStudioVersion = 15.0.27703.2000
MinimumVisualStudioVersion = 10.0.40219.1
Project("{FAE04EC0-301F-11D3-BF4B-00C04F79EFBC}") = "UniHockey", "UniHockey\UniHockey.csproj", "{B958E3E1-4ED8-4B54-8012-6BEA1E99E9C3}"
EndProject
Project("{FAE04EC0-301F-11D3-BF4B-00C04F79EFBC}") = "UniHockeyTests", "UniHockeyTests\UniHockeyTests.csproj", "{751211E7-F421-4356-9DD5-0DD4BA4AD073}"
EndProject
Project("{FAE04EC0-301F-11D3-BF4B-00C04F79EFBC}") = "Services", "Services\Services.csproj", "{DA0FD539-B876-491C-BEE5-9928EACB03A7}"
EndProject
Project("{FAE04EC0-301F-11D3-BF4B-00C04F79EFBC}") = "DataAccess", "DataAccess\DataAccess.csproj", "{5E2CEB7F-5116-4277-8D93-8521808667E1}"
EndProject
Global
	GlobalSection(SolutionConfigurationPlatforms) = preSolution
		Debug|Any CPU = Debug|Any CPU
		Release|Any CPU = Release|Any CPU
	EndGlobalSection
	GlobalSection(ProjectConfigurationPlatforms) = postSolution
		{B958E3E1-4ED8-4B54-8012-6BEA1E99E9C3}.Debug|Any CPU.ActiveCfg = Debug|Any CPU
		{B958E3E1-4ED8-4B54-8012-6BEA1E99E9C3}.Debug|Any CPU.Build.0 = Debug|Any CPU
		{B958E3E1-4ED8-4B54-8012-6BEA1E99E9C3}.Release|Any CPU.ActiveCfg = Release|Any CPU
		{B958E3E1-4ED8-4B54-8012-6BEA1E99E9C3}.Release|Any CPU.Build.0 = Release|Any CPU
		{751211E7-F421-4356-9DD5-0DD4BA4AD073}.Debug|Any CPU.ActiveCfg = Debug|Any CPU
		{751211E7-F421-4356-9DD5-0DD4BA4AD073}.Debug|Any CPU.Build.0 = Debug|Any CPU
		{751211E7-F421-4356-9DD5-0DD4BA4AD073}.Release|Any CPU.ActiveCfg = Release|Any CPU
		{751211E7-F421-4356-9DD5-0DD4BA4AD073}.Release|Any CPU.Build.0 = Release|Any CPU
		{DA0FD539-B876-491C-BEE5-9928EACB03A7}.Debug|Any CPU.ActiveCfg = Debug|Any CPU
		{DA0FD539-B876-491C-BEE5-9928EACB03A7}.Debug|Any CPU.Build.0 = Debug|Any CPU
		{DA0FD539-B876-491C-BEE5-9928EACB03A7}.Release|Any CPU.ActiveCfg = Release|Any CPU
		{DA0FD539-B876-491C-BEE5-9928EACB03A7}.Release|Any CPU.Build.0 = Release|Any CPU
		{5E2CEB7F-5116-4277-8D93-8521808667E1}.Debug|Any CPU.ActiveCfg = Debug|Any CPU
		{5E2CEB7F-5116-4277-8D93-8521808667E1}.Debug|Any CPU.Build.0 = Debug|Any CPU
		{5E2CEB7F-5116-4277-8D93-8521808667E1}.Release|Any CPU.ActiveCfg = Release|Any CPU
		{5E2CEB7F-5116-4277-8D93-8521808667E1}.Release|Any CPU.Build.0 = Release|Any CPU
	EndGlobalSection
	GlobalSection(SolutionProperties) = preSolution
		HideSolutionNode = FALSE
	EndGlobalSection
	GlobalSection(ExtensibilityGlobals) = postSolution
		SolutionGuid = {CDDD03E7-2B9F-409E-9D9F-FA7DE48A3067}
	EndGlobalSection
EndGlobal
