
Microsoft Visual Studio Solution File, Format Version 12.00
# Visual Studio Version 17
VisualStudioVersion = 17.14.36429.23 d17.14
MinimumVisualStudioVersion = 10.0.40219.1
Project("{FAE04EC0-301F-11D3-BF4B-00C04F79EFBC}") = "UniHockey", "UniHockey.csproj", "{5CAC698A-57D7-4EFA-8EB2-8A7A409604F1}"
EndProject
Global
	GlobalSection(SolutionConfigurationPlatforms) = preSolution
		Debug|Any CPU = Debug|Any CPU
		Release|Any CPU = Release|Any CPU
	EndGlobalSection
	GlobalSection(ProjectConfigurationPlatforms) = postSolution
		{5CAC698A-57D7-4EFA-8EB2-8A7A409604F1}.Debug|Any CPU.ActiveCfg = Debug|Any CPU
		{5CAC698A-57D7-4EFA-8EB2-8A7A409604F1}.Debug|Any CPU.Build.0 = Debug|Any CPU
		{5CAC698A-57D7-4EFA-8EB2-8A7A409604F1}.Release|Any CPU.ActiveCfg = Release|Any CPU
		{5CAC698A-57D7-4EFA-8EB2-8A7A409604F1}.Release|Any CPU.Build.0 = Release|Any CPU
	EndGlobalSection
	GlobalSection(SolutionProperties) = preSolution
		HideSolutionNode = FALSE
	EndGlobalSection
	GlobalSection(ExtensibilityGlobals) = postSolution
		SolutionGuid = {581D328B-46B3-4B5B-9FA9-376CE4596938}
	EndGlobalSection
EndGlobal
